
Microsoft Visual Studio Solution File, Format Version 12.00
# Visual Studio 2017
Project("{FAE04EC0-301F-11D3-BF4B-00C04F79EFBC}") = "Escape From The Pit", "Escape From The Pit.csproj", "{A0960881-CB98-AA7A-FD12-5B511C6B783D}"
EndProject
Global
	GlobalSection(SolutionConfigurationPlatforms) = preSolution
		Debug|Any CPU = Debug|Any CPU
		Release|Any CPU = Release|Any CPU
	EndGlobalSection
	GlobalSection(ProjectConfigurationPlatforms) = postSolution
		{A0960881-CB98-AA7A-FD12-5B511C6B783D}.Debug|Any CPU.ActiveCfg = Debug|Any CPU
		{A0960881-CB98-AA7A-FD12-5B511C6B783D}.Debug|Any CPU.Build.0 = Debug|Any CPU
		{A0960881-CB98-AA7A-FD12-5B511C6B783D}.Release|Any CPU.ActiveCfg = Release|Any CPU
		{A0960881-CB98-AA7A-FD12-5B511C6B783D}.Release|Any CPU.Build.0 = Release|Any CPU
	EndGlobalSection
	GlobalSection(SolutionProperties) = preSolution
		HideSolutionNode = FALSE
	EndGlobalSection
EndGlobal
