
Microsoft Visual Studio Solution File, Format Version 12.00
# Visual Studio 2017
Project("{FAE04EC0-301F-11D3-BF4B-00C04F79EFBC}") = "Top down shooter game", "Top down shooter game.csproj", "{15E25807-C409-8D5B-BDDE-F09308E6D5F8}"
EndProject
Global
	GlobalSection(SolutionConfigurationPlatforms) = preSolution
		Debug|Any CPU = Debug|Any CPU
		Release|Any CPU = Release|Any CPU
	EndGlobalSection
	GlobalSection(ProjectConfigurationPlatforms) = postSolution
		{15E25807-C409-8D5B-BDDE-F09308E6D5F8}.Debug|Any CPU.ActiveCfg = Debug|Any CPU
		{15E25807-C409-8D5B-BDDE-F09308E6D5F8}.Debug|Any CPU.Build.0 = Debug|Any CPU
		{15E25807-C409-8D5B-BDDE-F09308E6D5F8}.Release|Any CPU.ActiveCfg = Release|Any CPU
		{15E25807-C409-8D5B-BDDE-F09308E6D5F8}.Release|Any CPU.Build.0 = Release|Any CPU
	EndGlobalSection
	GlobalSection(SolutionProperties) = preSolution
		HideSolutionNode = FALSE
	EndGlobalSection
EndGlobal
